<?xml version="1.0" encoding="UTF-8" standalone="yes" ?>
<CodeBlocks_project_file>
	<FileVersion major="1" minor="6" />
	<Project>
		<Option title="PI_TranslationStage1-64" />
		<Option pch_mode="2" />
		<Option compiler="gnu_gcc_compiler__64bit" />
		<Build>
			<Target title="Debug">
				<Option output="bin\Debug\64\SGR_PI_TranslationStage" prefix_auto="1" extension_auto="1" />
				<Option object_output="obj\Debug\64\" />
				<Option type="3" />
				<Option compiler="gnu_gcc_compiler__64bit" />
				<Option host_application="PI_TranslationStageDLL\bin\Debug\tester.exe" />
				<Option createDefFile="1" />
				<Option createStaticLib="1" />
				<Compiler>
					<Add option="-Wall" />
					<Add option="-g" />
					<Add option="-DBUILD_DLL" />
				</Compiler>
				<Linker>
					<Add library="user32" />
				</Linker>
			</Target>
			<Target title="Release">
				<Option output="bin\Release\64\SGR_PI_TranslationStage" prefix_auto="1" extension_auto="1" />
				<Option object_output="obj\Release\64\" />
				<Option type="3" />
				<Option compiler="gnu_gcc_compiler__64bit" />
				<Option createDefFile="1" />
				<Option createStaticLib="1" />
				<Compiler>
					<Add option="-Wall" />
					<Add option="-DBUILD_DLL" />
					<Add option="-O2" />
				</Compiler>
				<Linker>
					<Add option="-s" />
					<Add library="user32" />
				</Linker>
			</Target>
		</Build>
		<Compiler>
			<Add directory="..\" />
		</Compiler>
		<Linker>
			<Add library="..\PI\PI_GCS2_DLL_x64.lib" />
		</Linker>
		<Unit filename="..\Hardware\ComSerial.cpp" />
		<Unit filename="..\Hardware\DeviceContainer.cpp" />
		<Unit filename="..\Hardware\DeviceContainer.h" />
		<Unit filename="..\Hardware\Exceptions.cpp" />
		<Unit filename="..\Hardware\Exceptions.h" />
		<Unit filename="..\Hardware\HardwareDLL.h" />
		<Unit filename="..\Hardware\NamedParameterList.h" />
		<Unit filename="..\Hardware\PI_TranslationStage.cpp" />
		<Unit filename="..\Hardware\PI_TranslationStage.h" />
		<Unit filename="..\Hardware\constants.h" />
		<Unit filename="main.h" />
		<Unit filename="main1.cpp" />
		<Extensions>
			<code_completion />
			<debugger />
		</Extensions>
	</Project>
</CodeBlocks_project_file>
